{
  "name": "checker",
  "version": "1.0.0",
  "lockfileVersion": 2,
  "requires": true,
  "packages": {
    "": {
      "name": "checker",
      "version": "1.0.0",
      "license": "AGPL-3.0",
      "dependencies": {
        "nodejs-tcp-ping": "^1.0.3"
      }
    },
    "node_modules/nodejs-tcp-ping": {
      "version": "1.0.3",
      "resolved": "https://registry.npmjs.org/nodejs-tcp-ping/-/nodejs-tcp-ping-1.0.3.tgz",
      "integrity": "sha1-8m14+fNZQ3OdRxx2rOAUT5EJXuE="
    }
  },
  "dependencies": {
    "nodejs-tcp-ping": {
      "version": "1.0.3",
      "resolved": "https://registry.npmjs.org/nodejs-tcp-ping/-/nodejs-tcp-ping-1.0.3.tgz",
      "integrity": "sha1-8m14+fNZQ3OdRxx2rOAUT5EJXuE="
    }
  }
}
